
Microsoft Visual Studio Solution File, Format Version 12.00
# Visual Studio 2013
VisualStudioVersion = 12.0.40629.0
MinimumVisualStudioVersion = 10.0.40219.1
Project("{FAE04EC0-301F-11D3-BF4B-00C04F79EFBC}") = "LayerGen", "LayerGen\LayerGen.csproj", "{20B86E14-9236-40C7-9E7C-B0C83BA14A33}"
	ProjectSection(ProjectDependencies) = postProject
		{4BAE0CD9-9BF7-4458-A7A6-188A3B2F5DB6} = {4BAE0CD9-9BF7-4458-A7A6-188A3B2F5DB6}
	EndProjectSection
EndProject
Project("{FAE04EC0-301F-11D3-BF4B-00C04F79EFBC}") = "MySql.Data", "MySql.Data\MySql.Data.csproj", "{5AC10BEB-25B3-48D7-A846-5FF901F2CEA2}"
EndProject
Project("{FAE04EC0-301F-11D3-BF4B-00C04F79EFBC}") = "System.Data.SQLite", "System.Data.SQLite\System.Data.SQLite.csproj", "{56E546B0-080D-4DEE-9997-52AC89DA45CB}"
	ProjectSection(ProjectDependencies) = postProject
		{4BAE0CD9-9BF7-4458-A7A6-188A3B2F5DB6} = {4BAE0CD9-9BF7-4458-A7A6-188A3B2F5DB6}
	EndProjectSection
EndProject
Project("{8BC9CEB8-8B4A-11D0-8D11-00A0C91BC942}") = "SQLite.Interop", "SQLite.Interop\SQLite.Interop.vcxproj", "{4BAE0CD9-9BF7-4458-A7A6-188A3B2F5DB6}"
EndProject
Global
	GlobalSection(SolutionConfigurationPlatforms) = preSolution
		Debug|Any CPU = Debug|Any CPU
		Debug|Mixed Platforms = Debug|Mixed Platforms
		Debug|Win32 = Debug|Win32
		Debug|x86 = Debug|x86
		Release|Any CPU = Release|Any CPU
		Release|Mixed Platforms = Release|Mixed Platforms
		Release|Win32 = Release|Win32
		Release|x86 = Release|x86
	EndGlobalSection
	GlobalSection(ProjectConfigurationPlatforms) = postSolution
		{20B86E14-9236-40C7-9E7C-B0C83BA14A33}.Debug|Any CPU.ActiveCfg = Debug|Any CPU
		{20B86E14-9236-40C7-9E7C-B0C83BA14A33}.Debug|Any CPU.Build.0 = Debug|Any CPU
		{20B86E14-9236-40C7-9E7C-B0C83BA14A33}.Debug|Mixed Platforms.ActiveCfg = Debug|Any CPU
		{20B86E14-9236-40C7-9E7C-B0C83BA14A33}.Debug|Mixed Platforms.Build.0 = Debug|Any CPU
		{20B86E14-9236-40C7-9E7C-B0C83BA14A33}.Debug|Win32.ActiveCfg = Debug|Any CPU
		{20B86E14-9236-40C7-9E7C-B0C83BA14A33}.Debug|Win32.Build.0 = Debug|Any CPU
		{20B86E14-9236-40C7-9E7C-B0C83BA14A33}.Debug|x86.ActiveCfg = Debug|x86
		{20B86E14-9236-40C7-9E7C-B0C83BA14A33}.Debug|x86.Build.0 = Debug|x86
		{20B86E14-9236-40C7-9E7C-B0C83BA14A33}.Release|Any CPU.ActiveCfg = Release|Any CPU
		{20B86E14-9236-40C7-9E7C-B0C83BA14A33}.Release|Any CPU.Build.0 = Release|Any CPU
		{20B86E14-9236-40C7-9E7C-B0C83BA14A33}.Release|Mixed Platforms.ActiveCfg = Release|Any CPU
		{20B86E14-9236-40C7-9E7C-B0C83BA14A33}.Release|Mixed Platforms.Build.0 = Release|Any CPU
		{20B86E14-9236-40C7-9E7C-B0C83BA14A33}.Release|Win32.ActiveCfg = Release|Any CPU
		{20B86E14-9236-40C7-9E7C-B0C83BA14A33}.Release|x86.ActiveCfg = Release|x86
		{20B86E14-9236-40C7-9E7C-B0C83BA14A33}.Release|x86.Build.0 = Release|x86
		{5AC10BEB-25B3-48D7-A846-5FF901F2CEA2}.Debug|Any CPU.ActiveCfg = Debug|Any CPU
		{5AC10BEB-25B3-48D7-A846-5FF901F2CEA2}.Debug|Any CPU.Build.0 = Debug|Any CPU
		{5AC10BEB-25B3-48D7-A846-5FF901F2CEA2}.Debug|Mixed Platforms.ActiveCfg = Debug|Any CPU
		{5AC10BEB-25B3-48D7-A846-5FF901F2CEA2}.Debug|Mixed Platforms.Build.0 = Debug|Any CPU
		{5AC10BEB-25B3-48D7-A846-5FF901F2CEA2}.Debug|Win32.ActiveCfg = Debug|Any CPU
		{5AC10BEB-25B3-48D7-A846-5FF901F2CEA2}.Debug|Win32.Build.0 = Debug|Any CPU
		{5AC10BEB-25B3-48D7-A846-5FF901F2CEA2}.Debug|x86.ActiveCfg = Debug|Any CPU
		{5AC10BEB-25B3-48D7-A846-5FF901F2CEA2}.Debug|x86.Build.0 = Debug|Any CPU
		{5AC10BEB-25B3-48D7-A846-5FF901F2CEA2}.Release|Any CPU.ActiveCfg = Release|Any CPU
		{5AC10BEB-25B3-48D7-A846-5FF901F2CEA2}.Release|Any CPU.Build.0 = Release|Any CPU
		{5AC10BEB-25B3-48D7-A846-5FF901F2CEA2}.Release|Mixed Platforms.ActiveCfg = Release|Any CPU
		{5AC10BEB-25B3-48D7-A846-5FF901F2CEA2}.Release|Mixed Platforms.Build.0 = Release|Any CPU
		{5AC10BEB-25B3-48D7-A846-5FF901F2CEA2}.Release|Win32.ActiveCfg = Release|Any CPU
		{5AC10BEB-25B3-48D7-A846-5FF901F2CEA2}.Release|x86.ActiveCfg = Release|Any CPU
		{5AC10BEB-25B3-48D7-A846-5FF901F2CEA2}.Release|x86.Build.0 = Release|Any CPU
		{56E546B0-080D-4DEE-9997-52AC89DA45CB}.Debug|Any CPU.ActiveCfg = Debug|Any CPU
		{56E546B0-080D-4DEE-9997-52AC89DA45CB}.Debug|Any CPU.Build.0 = Debug|Any CPU
		{56E546B0-080D-4DEE-9997-52AC89DA45CB}.Debug|Mixed Platforms.ActiveCfg = Debug|Any CPU
		{56E546B0-080D-4DEE-9997-52AC89DA45CB}.Debug|Mixed Platforms.Build.0 = Debug|Any CPU
		{56E546B0-080D-4DEE-9997-52AC89DA45CB}.Debug|Win32.ActiveCfg = Debug|Any CPU
		{56E546B0-080D-4DEE-9997-52AC89DA45CB}.Debug|Win32.Build.0 = Debug|Any CPU
		{56E546B0-080D-4DEE-9997-52AC89DA45CB}.Debug|x86.ActiveCfg = Debug|Any CPU
		{56E546B0-080D-4DEE-9997-52AC89DA45CB}.Debug|x86.Build.0 = Debug|Any CPU
		{56E546B0-080D-4DEE-9997-52AC89DA45CB}.Release|Any CPU.ActiveCfg = Release|Any CPU
		{56E546B0-080D-4DEE-9997-52AC89DA45CB}.Release|Any CPU.Build.0 = Release|Any CPU
		{56E546B0-080D-4DEE-9997-52AC89DA45CB}.Release|Mixed Platforms.ActiveCfg = Release|Any CPU
		{56E546B0-080D-4DEE-9997-52AC89DA45CB}.Release|Mixed Platforms.Build.0 = Release|Any CPU
		{56E546B0-080D-4DEE-9997-52AC89DA45CB}.Release|Win32.ActiveCfg = Release|Any CPU
		{56E546B0-080D-4DEE-9997-52AC89DA45CB}.Release|x86.ActiveCfg = Release|Any CPU
		{56E546B0-080D-4DEE-9997-52AC89DA45CB}.Release|x86.Build.0 = Release|Any CPU
		{4BAE0CD9-9BF7-4458-A7A6-188A3B2F5DB6}.Debug|Any CPU.ActiveCfg = Debug|Win32
		{4BAE0CD9-9BF7-4458-A7A6-188A3B2F5DB6}.Debug|Mixed Platforms.ActiveCfg = Debug|Win32
		{4BAE0CD9-9BF7-4458-A7A6-188A3B2F5DB6}.Debug|Mixed Platforms.Build.0 = Debug|Win32
		{4BAE0CD9-9BF7-4458-A7A6-188A3B2F5DB6}.Debug|Win32.ActiveCfg = Debug|Win32
		{4BAE0CD9-9BF7-4458-A7A6-188A3B2F5DB6}.Debug|Win32.Build.0 = Debug|Win32
		{4BAE0CD9-9BF7-4458-A7A6-188A3B2F5DB6}.Debug|x86.ActiveCfg = Debug|Win32
		{4BAE0CD9-9BF7-4458-A7A6-188A3B2F5DB6}.Debug|x86.Build.0 = Debug|Win32
		{4BAE0CD9-9BF7-4458-A7A6-188A3B2F5DB6}.Release|Any CPU.ActiveCfg = Release|Win32
		{4BAE0CD9-9BF7-4458-A7A6-188A3B2F5DB6}.Release|Mixed Platforms.ActiveCfg = Release|Win32
		{4BAE0CD9-9BF7-4458-A7A6-188A3B2F5DB6}.Release|Mixed Platforms.Build.0 = Release|Win32
		{4BAE0CD9-9BF7-4458-A7A6-188A3B2F5DB6}.Release|Win32.ActiveCfg = Release|Win32
		{4BAE0CD9-9BF7-4458-A7A6-188A3B2F5DB6}.Release|Win32.Build.0 = Release|Win32
		{4BAE0CD9-9BF7-4458-A7A6-188A3B2F5DB6}.Release|x86.ActiveCfg = Release|Win32
		{4BAE0CD9-9BF7-4458-A7A6-188A3B2F5DB6}.Release|x86.Build.0 = Release|Win32
	EndGlobalSection
	GlobalSection(SolutionProperties) = preSolution
		HideSolutionNode = FALSE
	EndGlobalSection
EndGlobal
